{
  "R": {
    "Version": "4.0.3",
    "Repositories": [
      {
        "Name": "CRAN",
        "URL": "https://cloud.r-project.org"
      }
    ]
  },
  "Bioconductor": {
    "Version": "3.12"
  },
  "Packages": {
    "AnnotationDbi": {
      "Package": "AnnotationDbi",
      "Version": "1.52.0",
      "Source": "Bioconductor",
      "Hash": "ca5106b296b3aa6af713ce197be547c1"
    },
    "BH": {
      "Package": "BH",
      "Version": "1.75.0-0",
      "Source": "Repository",
      "Repository": "CRAN",
      "Hash": "e4c04affc2cac20c8fec18385cd14691"
    },
    "BSgenome": {
      "Package": "BSgenome",
      "Version": "1.58.0",
      "Source": "Bioconductor",
      "Hash": "c8a754cd9c65c6130ea044fb9ce8977f"
    },
    "Biobase": {
      "Package": "Biobase",
      "Version": "2.50.0",
      "Source": "Bioconductor",
      "Hash": "f49586e579b712b7e55253aba0c9bc21"
    },
    "BiocGenerics": {
      "Package": "BiocGenerics",
      "Version": "0.36.0",
      "Source": "Bioconductor",
      "Hash": "1fe8a6250d04cfb040ebec87447770ba"
    },
    "BiocManager": {
      "Package": "BiocManager",
      "Version": "1.30.10",
      "Source": "Repository",
      "Repository": "CRAN",
      "Hash": "db75371846625725e221470b310da1d5"
    },
    "BiocParallel": {
      "Package": "BiocParallel",
      "Version": "1.24.1",
      "Source": "Bioconductor",
      "Hash": "338a72852f019b3b51ae87dc82391eb3"
    },
    "Biostrings": {
      "Package": "Biostrings",
      "Version": "2.58.0",
      "Source": "Bioconductor",
      "Hash": "7025417314cfb2f1be19919998874466"
    },
    "CNEr": {
      "Package": "CNEr",
      "Version": "1.26.0",
      "Source": "Bioconductor",
      "Hash": "f5a236e20d153ade38f4257d9f450cc4"
    },
    "Cairo": {
      "Package": "Cairo",
      "Version": "1.5-12.2",
      "Source": "Repository",
      "Repository": "CRAN",
      "Hash": "5f09ea90a07218b11c6430b7ca71fee7"
    },
    "ComplexHeatmap": {
      "Package": "ComplexHeatmap",
      "Version": "2.6.2",
      "Source": "Bioconductor",
      "Hash": "2a4e47ffd4549d1cd210b55b16c913f5"
    },
    "DBI": {
      "Package": "DBI",
      "Version": "1.1.1",
      "Source": "Repository",
      "Repository": "CRAN",
      "Hash": "030aaec5bc6553f35347cbb1e70b1a17"
    },
    "DESeq2": {
      "Package": "DESeq2",
      "Version": "1.30.1",
      "Source": "Bioconductor",
      "Hash": "1e2b51957aa16c8129786e82cb28a708"
    },
    "DT": {
      "Package": "DT",
      "Version": "0.17",
      "Source": "Repository",
      "Repository": "CRAN",
      "Hash": "56b33b77f4cffd78ff96b8e5a69eabb0"
    },
    "DelayedArray": {
      "Package": "DelayedArray",
      "Version": "0.16.1",
      "Source": "Bioconductor",
      "Hash": "98a62a8040f67b43dad034e58f288d51"
    },
    "DirichletMultinomial": {
      "Package": "DirichletMultinomial",
      "Version": "1.32.0",
      "Source": "Bioconductor",
      "Hash": "7698856b08e2dce2d55019fff1fbfaf3"
    },
    "FNN": {
      "Package": "FNN",
      "Version": "1.1.3",
      "Source": "Repository",
      "Repository": "CRAN",
      "Hash": "b56998fff55e4a4b4860ad6e8c67e0f9"
    },
    "GO.db": {
      "Package": "GO.db",
      "Version": "3.12.1",
      "Source": "Bioconductor",
      "Hash": "1ed8d8ec3449f0c6fba5f1932ac333ae"
    },
    "GenomeInfoDb": {
      "Package": "GenomeInfoDb",
      "Version": "1.26.2",
      "Source": "Bioconductor",
      "Hash": "6082689b1694d67738f55795ec407d5b"
    },
    "GenomeInfoDbData": {
      "Package": "GenomeInfoDbData",
      "Version": "1.2.4",
      "Source": "Bioconductor",
      "Hash": "8e9c39ceac5f1d98d3267541853fca31"
    },
    "GenomicAlignments": {
      "Package": "GenomicAlignments",
      "Version": "1.26.0",
      "Source": "Bioconductor",
      "Hash": "b39d47616678079df56fb8fcf07c707d"
    },
    "GenomicRanges": {
      "Package": "GenomicRanges",
      "Version": "1.42.0",
      "Source": "Bioconductor",
      "Hash": "2826edf1a5ff7d6ce991ec5ed918ec5f"
    },
    "GetoptLong": {
      "Package": "GetoptLong",
      "Version": "1.0.5",
      "Source": "Repository",
      "Repository": "CRAN",
      "Hash": "61fac01c73abf03ac72e88dc3952c1e3"
    },
    "GlobalOptions": {
      "Package": "GlobalOptions",
      "Version": "0.1.2",
      "Source": "Repository",
      "Repository": "CRAN",
      "Hash": "c3f7b221e60c28f5f3533d74c6fef024"
    },
    "IRanges": {
      "Package": "IRanges",
      "Version": "2.24.1",
      "Source": "Bioconductor",
      "Hash": "21b3bc3dfb55cb9501c5f3413b35388c"
    },
    "KEGGREST": {
      "Package": "KEGGREST",
      "Version": "1.30.1",
      "Source": "Bioconductor",
      "Hash": "7d6ae73677fac7c6f4640cb632dd5281"
    },
    "KernSmooth": {
      "Package": "KernSmooth",
      "Version": "2.23-18",
      "Source": "Repository",
      "Repository": "CRAN",
      "Hash": "9e703ad8bf0e99f3691f05da32dfe68b"
    },
    "MASS": {
      "Package": "MASS",
      "Version": "7.3-53.1",
      "Source": "Repository",
      "Repository": "CRAN",
      "Hash": "4ef21dd0348b9abb7f8bd1d77e4cd0c3"
    },
    "Matrix": {
      "Package": "Matrix",
      "Version": "1.3-2",
      "Source": "Repository",
      "Repository": "CRAN",
      "Hash": "ff280503079ad8623d3c4b1519b24ea2"
    },
    "MatrixGenerics": {
      "Package": "MatrixGenerics",
      "Version": "1.2.1",
      "Source": "Bioconductor",
      "Hash": "fbae799fc848a8599a46a3adfe8a975a"
    },
    "R.methodsS3": {
      "Package": "R.methodsS3",
      "Version": "1.8.1",
      "Source": "Repository",
      "Repository": "CRAN",
      "Hash": "4bf6453323755202d5909697b6f7c109"
    },
    "R.oo": {
      "Package": "R.oo",
      "Version": "1.24.0",
      "Source": "Repository",
      "Repository": "CRAN",
      "Hash": "5709328352717e2f0a9c012be8a97554"
    },
    "R.utils": {
      "Package": "R.utils",
      "Version": "2.10.1",
      "Source": "Repository",
      "Repository": "CRAN",
      "Hash": "a9e316277ff12a43997266f2f6567780"
    },
    "R6": {
      "Package": "R6",
      "Version": "2.5.0",
      "Source": "Repository",
      "Repository": "CRAN",
      "Hash": "b203113193e70978a696b2809525649d"
    },
    "RANN": {
      "Package": "RANN",
      "Version": "2.6.1",
      "Source": "Repository",
      "Repository": "CRAN",
      "Hash": "d128ea05a972d3e67c6f39de52c72bd7"
    },
    "RColorBrewer": {
      "Package": "RColorBrewer",
      "Version": "1.1-2",
      "Source": "Repository",
      "Repository": "CRAN",
      "Hash": "e031418365a7f7a766181ab5a41a5716"
    },
    "RCurl": {
      "Package": "RCurl",
      "Version": "1.98-1.2",
      "Source": "Repository",
      "Repository": "CRAN",
      "Hash": "cf29e1b71f8736960e0e851123a83e6f"
    },
    "ROCR": {
      "Package": "ROCR",
      "Version": "1.0-11",
      "Source": "Repository",
      "Repository": "CRAN",
      "Hash": "cc151930e20e16427bc3d0daec62b4a9"
    },
    "RSQLite": {
      "Package": "RSQLite",
      "Version": "2.2.3",
      "Source": "Repository",
      "Repository": "CRAN",
      "Hash": "a281e35445a1c4fc7ccfc62f01bb1e2d"
    },
    "RSpectra": {
      "Package": "RSpectra",
      "Version": "0.16-0",
      "Source": "Repository",
      "Repository": "CRAN",
      "Hash": "a41329d24d5a98eaed2bd0159adb1b5f"
    },
    "Rcpp": {
      "Package": "Rcpp",
      "Version": "1.0.6",
      "Source": "Repository",
      "Repository": "CRAN",
      "Hash": "dbb5e436998a7eba5a9d682060533338"
    },
    "RcppAnnoy": {
      "Package": "RcppAnnoy",
      "Version": "0.0.18",
      "Source": "Repository",
      "Repository": "CRAN",
      "Hash": "4c61a26f751659e875f46045df6d5fad"
    },
    "RcppArmadillo": {
      "Package": "RcppArmadillo",
      "Version": "0.10.2.1.0",
      "Source": "Repository",
      "Repository": "CRAN",
      "Hash": "a2de53472129933a29975e7cfa3ffe28"
    },
    "RcppEigen": {
      "Package": "RcppEigen",
      "Version": "0.3.3.9.1",
      "Source": "Repository",
      "Repository": "CRAN",
      "Hash": "ddfa72a87fdf4c80466a20818be91d00"
    },
    "RcppProgress": {
      "Package": "RcppProgress",
      "Version": "0.4.2",
      "Source": "Repository",
      "Repository": "CRAN",
      "Hash": "1c0aa18b97e6aaa17f93b8b866c0ace5"
    },
    "Rhdf5lib": {
      "Package": "Rhdf5lib",
      "Version": "1.12.1",
      "Source": "Bioconductor",
      "Hash": "7dc9be3558a910226d64a2040520dc7f"
    },
    "Rhtslib": {
      "Package": "Rhtslib",
      "Version": "1.22.0",
      "Source": "Bioconductor",
      "Hash": "bc1c8c2d34d2649ff80c22237c3a03ed"
    },
    "Rsamtools": {
      "Package": "Rsamtools",
      "Version": "2.6.0",
      "Source": "Bioconductor",
      "Hash": "7d5b0ec921f85730aafe82f0f94f76c0"
    },
    "Rtsne": {
      "Package": "Rtsne",
      "Version": "0.15",
      "Source": "Repository",
      "Repository": "CRAN",
      "Hash": "f153432c4ca15b937ccfaa40f167c892"
    },
    "S4Vectors": {
      "Package": "S4Vectors",
      "Version": "0.28.1",
      "Source": "Bioconductor",
      "Hash": "f558c55a285751bd72af11d2bb853521"
    },
    "Seurat": {
      "Package": "Seurat",
      "Version": "4.0.0",
      "Source": "Repository",
      "Repository": "CRAN",
      "Hash": "45c788295860d0ded1433fa75226245e"
    },
    "SeuratObject": {
      "Package": "SeuratObject",
      "Version": "4.0.0",
      "Source": "Repository",
      "Repository": "CRAN",
      "Hash": "0ac490e6dfe2e9f853b977ab9f101054"
    },
    "SingleCellExperiment": {
      "Package": "SingleCellExperiment",
      "Version": "1.12.0",
      "Source": "Bioconductor",
      "Hash": "40badd4c5dcff81480c77a17b3b811bb"
    },
    "SummarizedExperiment": {
      "Package": "SummarizedExperiment",
      "Version": "1.20.0",
      "Source": "Bioconductor",
      "Hash": "2da24c5f66521d18cff602d324834b20"
    },
    "TFBSTools": {
      "Package": "TFBSTools",
      "Version": "1.28.0",
      "Source": "Bioconductor",
      "Hash": "e9bcfe4545a36cdeed82cfd26d73402c"
    },
    "TFMPvalue": {
      "Package": "TFMPvalue",
      "Version": "0.0.8",
      "Source": "Repository",
      "Repository": "CRAN",
      "Hash": "ca07f9d2e646f6e04e577c15e0b7e1d0"
    },
    "XML": {
      "Package": "XML",
      "Version": "3.99-0.5",
      "Source": "Repository",
      "Repository": "CRAN",
      "Hash": "408d42d1359f2a84d377c1f7f0568624"
    },
    "XVector": {
      "Package": "XVector",
      "Version": "0.30.0",
      "Source": "Bioconductor",
      "Hash": "9bd9f991fb4ecde6adeff2fa2e401cc5"
    },
    "abind": {
      "Package": "abind",
      "Version": "1.4-5",
      "Source": "Repository",
      "Repository": "CRAN",
      "Hash": "4f57884290cc75ab22f4af9e9d4ca862"
    },
    "annotate": {
      "Package": "annotate",
      "Version": "1.68.0",
      "Source": "Bioconductor",
      "Hash": "3553333f7949ea3d722760136f3660ae"
    },
    "askpass": {
      "Package": "askpass",
      "Version": "1.1",
      "Source": "Repository",
      "Repository": "CRAN",
      "Hash": "e8a22846fff485f0be3770c2da758713"
    },
    "assertthat": {
      "Package": "assertthat",
      "Version": "0.2.1",
      "Source": "Repository",
      "Repository": "CRAN",
      "Hash": "50c838a310445e954bc13f26f26a6ecf"
    },
    "base64enc": {
      "Package": "base64enc",
      "Version": "0.1-3",
      "Source": "Repository",
      "Repository": "CRAN",
      "Hash": "543776ae6848fde2f48ff3816d0628bc"
    },
    "beeswarm": {
      "Package": "beeswarm",
      "Version": "0.2.3",
      "Source": "Repository",
      "Repository": "CRAN",
      "Hash": "dc538ec663e38888807ef3034489403d"
    },
    "bit": {
      "Package": "bit",
      "Version": "4.0.4",
      "Source": "Repository",
      "Repository": "CRAN",
      "Hash": "f36715f14d94678eea9933af927bc15d"
    },
    "bit64": {
      "Package": "bit64",
      "Version": "4.0.5",
      "Source": "Repository",
      "Repository": "CRAN",
      "Hash": "9fe98599ca456d6552421db0d6772d8f"
    },
    "bitops": {
      "Package": "bitops",
      "Version": "1.0-6",
      "Source": "Repository",
      "Repository": "CRAN",
      "Hash": "0b118d5900596bae6c4d4865374536a6"
    },
    "blob": {
      "Package": "blob",
      "Version": "1.2.1",
      "Source": "Repository",
      "Repository": "CRAN",
      "Hash": "9addc7e2c5954eca5719928131fed98c"
    },
    "brew": {
      "Package": "brew",
      "Version": "1.0-6",
      "Source": "Repository",
      "Repository": "CRAN",
      "Hash": "92a5f887f9ae3035ac7afde22ba73ee9"
    },
    "brio": {
      "Package": "brio",
      "Version": "1.1.1",
      "Source": "Repository",
      "Repository": "CRAN",
      "Hash": "36758510e65a457efeefa50e1e7f0576"
    },
    "bslib": {
      "Package": "bslib",
      "Version": "0.2.4",
      "Source": "Repository",
      "Repository": "CRAN",
      "Hash": "4830a372b241d78ed6f53731ee3023ac"
    },
    "caTools": {
      "Package": "caTools",
      "Version": "1.18.1",
      "Source": "Repository",
      "Repository": "CRAN",
      "Hash": "f5b3e8f693522708cd9444c839b432e0"
    },
    "cachem": {
      "Package": "cachem",
      "Version": "1.0.3",
      "Source": "Repository",
      "Repository": "CRAN",
      "Hash": "803b5d36ec15fe3314905749a5619767"
    },
    "callr": {
      "Package": "callr",
      "Version": "3.5.1",
      "Source": "Repository",
      "Repository": "CRAN",
      "Hash": "b7d7f1e926dfcd57c74ce93f5c048e80"
    },
    "chromVAR": {
      "Package": "chromVAR",
      "Version": "1.12.0",
      "Source": "Bioconductor",
      "Hash": "542b86eca895b421b3d7c68ae8a4947d"
    },
    "circlize": {
      "Package": "circlize",
      "Version": "0.4.12",
      "Source": "Repository",
      "Repository": "CRAN",
      "Hash": "d9da72c977c87b686f013cec48acb898"
    },
    "cli": {
      "Package": "cli",
      "Version": "2.3.0",
      "Source": "Repository",
      "Repository": "CRAN",
      "Hash": "26fb4f0871c8e5b84d77f6dc22f2ee0a"
    },
    "clipr": {
      "Package": "clipr",
      "Version": "0.7.1",
      "Source": "Repository",
      "Repository": "CRAN",
      "Hash": "ebaa97ac99cc2daf04e77eecc7b781d7"
    },
    "clue": {
      "Package": "clue",
      "Version": "0.3-58",
      "Source": "Repository",
      "Repository": "CRAN",
      "Hash": "60caed5942c61fcfcd3147b1575ccc0b"
    },
    "cluster": {
      "Package": "cluster",
      "Version": "2.1.1",
      "Source": "Repository",
      "Repository": "CRAN",
      "Hash": "5ea8f54741ff907e2c0b5efabc9de729"
    },
    "codetools": {
      "Package": "codetools",
      "Version": "0.2-18",
      "Source": "Repository",
      "Repository": "CRAN",
      "Hash": "019388fc48e48b3da0d3a76ff94608a8"
    },
    "colorspace": {
      "Package": "colorspace",
      "Version": "2.0-0",
      "Source": "Repository",
      "Repository": "CRAN",
      "Hash": "abea3384649ef37f60ef51ce002f3547"
    },
    "commonmark": {
      "Package": "commonmark",
      "Version": "1.7",
      "Source": "Repository",
      "Repository": "CRAN",
      "Hash": "0f22be39ec1d141fd03683c06f3a6e67"
    },
    "covr": {
      "Package": "covr",
      "Version": "3.5.1",
      "Source": "Repository",
      "Repository": "CRAN",
      "Hash": "6d80a9fc3c0c8473153b54fa54719dfd"
    },
    "cowplot": {
      "Package": "cowplot",
      "Version": "1.1.1",
      "Source": "Repository",
      "Repository": "CRAN",
      "Hash": "b418e8423699d11c7f2087c2bfd07da2"
    },
    "cpp11": {
      "Package": "cpp11",
      "Version": "0.2.6",
      "Source": "Repository",
      "Repository": "CRAN",
      "Hash": "f08909ebdad90b19d8d3930da4220564"
    },
    "crayon": {
      "Package": "crayon",
      "Version": "1.4.1",
      "Source": "Repository",
      "Repository": "CRAN",
      "Hash": "e75525c55c70e5f4f78c9960a4b402e9"
    },
    "credentials": {
      "Package": "credentials",
      "Version": "1.3.0",
      "Source": "Repository",
      "Repository": "CRAN",
      "Hash": "a96728288c75a814c900af9da84387be"
    },
    "crosstalk": {
      "Package": "crosstalk",
      "Version": "1.1.1",
      "Source": "Repository",
      "Repository": "CRAN",
      "Hash": "2b06f9e415a62b6762e4b8098d2aecbc"
    },
    "curl": {
      "Package": "curl",
      "Version": "4.3",
      "Source": "Repository",
      "Repository": "CRAN",
      "Hash": "2b7d10581cc730804e9ed178c8374bd6"
    },
    "data.table": {
      "Package": "data.table",
      "Version": "1.14.0",
      "Source": "Repository",
      "Repository": "CRAN",
      "Hash": "d1b8b1a821ee564a3515fa6c6d5c52dc"
    },
    "deldir": {
      "Package": "deldir",
      "Version": "0.2-10",
      "Source": "Repository",
      "Repository": "CRAN",
      "Hash": "6ba6a411bdd4c1b297bd54e2c5c98385"
    },
    "desc": {
      "Package": "desc",
      "Version": "1.2.0",
      "Source": "Repository",
      "Repository": "CRAN",
      "Hash": "6c8fe8fa26a23b79949375d372c7b395"
    },
    "devtools": {
      "Package": "devtools",
      "Version": "2.3.2",
      "Source": "Repository",
      "Repository": "CRAN",
      "Hash": "415656f50722f5b6e6bcf80855ce11b9"
    },
    "diffobj": {
      "Package": "diffobj",
      "Version": "0.3.3",
      "Source": "Repository",
      "Repository": "CRAN",
      "Hash": "55fae7ec1418d2a47bd552571673d1af"
    },
    "digest": {
      "Package": "digest",
      "Version": "0.6.27",
      "Source": "Repository",
      "Repository": "CRAN",
      "Hash": "a0cbe758a531d054b537d16dff4d58a1"
    },
    "dplyr": {
      "Package": "dplyr",
      "Version": "1.0.4",
      "Source": "Repository",
      "Repository": "CRAN",
      "Hash": "01c82e3b053eb7660a8ace8d932265b8"
    },
    "dqrng": {
      "Package": "dqrng",
      "Version": "0.2.1",
      "Source": "Repository",
      "Repository": "CRAN",
      "Hash": "cc0d03e8383d407e9568855f8efbc07d"
    },
    "ellipsis": {
      "Package": "ellipsis",
      "Version": "0.3.1",
      "Source": "Repository",
      "Repository": "CRAN",
      "Hash": "fd2844b3a43ae2d27e70ece2df1b4e2a"
    },
    "evaluate": {
      "Package": "evaluate",
      "Version": "0.14",
      "Source": "Repository",
      "Repository": "CRAN",
      "Hash": "ec8ca05cffcc70569eaaad8469d2a3a7"
    },
    "fansi": {
      "Package": "fansi",
      "Version": "0.4.2",
      "Source": "Repository",
      "Repository": "CRAN",
      "Hash": "fea074fb67fe4c25d47ad09087da847d"
    },
    "farver": {
      "Package": "farver",
      "Version": "2.0.3",
      "Source": "Repository",
      "Repository": "CRAN",
      "Hash": "dad6793a5a1f73c8e91f1a1e3e834b05"
    },
    "fastmap": {
      "Package": "fastmap",
      "Version": "1.1.0",
      "Source": "Repository",
      "Repository": "CRAN",
      "Hash": "77bd60a6157420d4ffa93b27cf6a58b8"
    },
    "fitdistrplus": {
      "Package": "fitdistrplus",
      "Version": "1.1-3",
      "Source": "Repository",
      "Repository": "CRAN",
      "Hash": "8e9ca89621f9304a553e0ff119328053"
    },
    "formatR": {
      "Package": "formatR",
      "Version": "1.7",
      "Source": "Repository",
      "Repository": "CRAN",
      "Hash": "ad36e26eeeb7393886d8a0e19bc6ee42"
    },
    "fs": {
      "Package": "fs",
      "Version": "1.5.0",
      "Source": "Repository",
      "Repository": "CRAN",
      "Hash": "44594a07a42e5f91fac9f93fda6d0109"
    },
    "futile.logger": {
      "Package": "futile.logger",
      "Version": "1.4.3",
      "Source": "Repository",
      "Repository": "CRAN",
      "Hash": "99f0ace8c05ec7d3683d27083c4f1e7e"
    },
    "futile.options": {
      "Package": "futile.options",
      "Version": "1.0.1",
      "Source": "Repository",
      "Repository": "CRAN",
      "Hash": "0d9bf02413ddc2bbe8da9ce369dcdd2b"
    },
    "future": {
      "Package": "future",
      "Version": "1.21.0",
      "Source": "Repository",
      "Repository": "CRAN",
      "Hash": "f25fad6bee82b7ab01f055e2d813b96f"
    },
    "future.apply": {
      "Package": "future.apply",
      "Version": "1.7.0",
      "Source": "Repository",
      "Repository": "CRAN",
      "Hash": "7fb0dc1961807da107ab2078366052bd"
    },
    "genefilter": {
      "Package": "genefilter",
      "Version": "1.72.1",
      "Source": "Bioconductor",
      "Hash": "c25bd3bb0821c2e7cda02b177b20136b"
    },
    "geneplotter": {
      "Package": "geneplotter",
      "Version": "1.68.0",
      "Source": "Bioconductor",
      "Hash": "beb82d45bc852daee31a515bf818d561"
    },
    "generics": {
      "Package": "generics",
      "Version": "0.1.0",
      "Source": "Repository",
      "Repository": "CRAN",
      "Hash": "4d243a9c10b00589889fe32314ffd902"
    },
    "gert": {
      "Package": "gert",
      "Version": "1.2.0",
      "Source": "Repository",
      "Repository": "CRAN",
      "Hash": "dcbfac00cf60125f43791a135ef68285"
    },
    "ggbeeswarm": {
      "Package": "ggbeeswarm",
      "Version": "0.6.0",
      "Source": "Repository",
      "Repository": "CRAN",
      "Hash": "dd68b9b215b2d3119603549a794003c3"
    },
    "ggplot2": {
      "Package": "ggplot2",
      "Version": "3.3.3",
      "Source": "Repository",
      "Repository": "CRAN",
      "Hash": "3eb6477d01eb5bbdc03f7d5f70f2733e"
    },
    "ggrastr": {
      "Package": "ggrastr",
      "Version": "0.2.2",
      "Source": "Repository",
      "Repository": "CRAN",
      "Hash": "64db9103cbf03aa299cabc90ed20f4f3"
    },
    "ggrepel": {
      "Package": "ggrepel",
      "Version": "0.9.1",
      "Source": "Repository",
      "Repository": "CRAN",
      "Hash": "08ab869f37e6a7741a64ab9069bcb67d"
    },
    "ggridges": {
      "Package": "ggridges",
      "Version": "0.5.3",
      "Source": "Repository",
      "Repository": "CRAN",
      "Hash": "9d028e8f37c84dba356ce3c367a1978e"
    },
    "gh": {
      "Package": "gh",
      "Version": "1.2.0",
      "Source": "Repository",
      "Repository": "CRAN",
      "Hash": "05129b4387282404780d2f8593636388"
    },
    "gitcreds": {
      "Package": "gitcreds",
      "Version": "0.1.1",
      "Source": "Repository",
      "Repository": "CRAN",
      "Hash": "f3aefccc1cc50de6338146b62f115de8"
    },
    "globals": {
      "Package": "globals",
      "Version": "0.14.0",
      "Source": "Repository",
      "Repository": "CRAN",
      "Hash": "eca8023ed5ca6372479ebb9b3207f5ae"
    },
    "glue": {
      "Package": "glue",
      "Version": "1.4.2",
      "Source": "Repository",
      "Repository": "CRAN",
      "Hash": "6efd734b14c6471cfe443345f3e35e29"
    },
    "goftest": {
      "Package": "goftest",
      "Version": "1.2-2",
      "Source": "Repository",
      "Repository": "CRAN",
      "Hash": "3c9209bce1b10900155ea37ce954cf30"
    },
    "gplots": {
      "Package": "gplots",
      "Version": "3.1.1",
      "Source": "Repository",
      "Repository": "CRAN",
      "Hash": "e65e5d5dea4cbb9ba822dcd782b2ee1f"
    },
    "gridExtra": {
      "Package": "gridExtra",
      "Version": "2.3",
      "Source": "Repository",
      "Repository": "CRAN",
      "Hash": "7d7f283939f563670a697165b2cf5560"
    },
    "gtable": {
      "Package": "gtable",
      "Version": "0.3.0",
      "Source": "Repository",
      "Repository": "CRAN",
      "Hash": "ac5c6baf7822ce8732b343f14c072c4d"
    },
    "gtools": {
      "Package": "gtools",
      "Version": "3.8.2",
      "Source": "Repository",
      "Repository": "CRAN",
      "Hash": "0a749b4458d19a54acae93c64e3e7c85"
    },
    "harmony": {
      "Package": "harmony",
      "Version": "1.0",
      "Source": "GitHub",
      "RemoteType": "github",
      "RemoteHost": "api.github.com",
      "RemoteUsername": "immunogenomics",
      "RemoteRepo": "harmony",
      "RemoteRef": "master",
      "RemoteSha": "c8f4901ef92d6e9b4e1373c52de3b67ff052db3e",
      "Hash": "bf2c2bb5f1b6a36ab26c4b9eb9e4cade"
    },
    "highr": {
      "Package": "highr",
      "Version": "0.8",
      "Source": "Repository",
      "Repository": "CRAN",
      "Hash": "4dc5bb88961e347a0f4d8aad597cbfac"
    },
    "hms": {
      "Package": "hms",
      "Version": "1.0.0",
      "Source": "Repository",
      "Repository": "CRAN",
      "Hash": "bf552cdd96f5969873afdac7311c7d0d"
    },
    "htmltools": {
      "Package": "htmltools",
      "Version": "0.5.1.1",
      "Source": "Repository",
      "Repository": "CRAN",
      "Hash": "af2c2531e55df5cf230c4b5444fc973c"
    },
    "htmlwidgets": {
      "Package": "htmlwidgets",
      "Version": "1.5.3",
      "Source": "Repository",
      "Repository": "CRAN",
      "Hash": "6fdaa86d0700f8b3e92ee3c445a5a10d"
    },
    "httpuv": {
      "Package": "httpuv",
      "Version": "1.5.5",
      "Source": "Repository",
      "Repository": "CRAN",
      "Hash": "b9d5d39be2150cf86538b8488334b8f8"
    },
    "httr": {
      "Package": "httr",
      "Version": "1.4.2",
      "Source": "Repository",
      "Repository": "CRAN",
      "Hash": "a525aba14184fec243f9eaec62fbed43"
    },
    "ica": {
      "Package": "ica",
      "Version": "1.0-2",
      "Source": "Repository",
      "Repository": "CRAN",
      "Hash": "95ba9b882bb834ecbdad37338a11f3f8"
    },
    "igraph": {
      "Package": "igraph",
      "Version": "1.2.6",
      "Source": "Repository",
      "Repository": "CRAN",
      "Hash": "7b1f856410253d56ea67ad808f7cdff6"
    },
    "ini": {
      "Package": "ini",
      "Version": "0.3.1",
      "Source": "Repository",
      "Repository": "CRAN",
      "Hash": "6154ec2223172bce8162d4153cda21f7"
    },
    "irlba": {
      "Package": "irlba",
      "Version": "2.3.3",
      "Source": "Repository",
      "Repository": "CRAN",
      "Hash": "a9ad517358000d57022401ef18ee657a"
    },
    "isoband": {
      "Package": "isoband",
      "Version": "0.2.3",
      "Source": "Repository",
      "Repository": "CRAN",
      "Hash": "53647fb507373700028b2ce6cd30751a"
    },
    "jquerylib": {
      "Package": "jquerylib",
      "Version": "0.1.3",
      "Source": "Repository",
      "Repository": "CRAN",
      "Hash": "5ff50b36f7f0832f8421745af333e73c"
    },
    "jsonlite": {
      "Package": "jsonlite",
      "Version": "1.7.2",
      "Source": "Repository",
      "Repository": "CRAN",
      "Hash": "98138e0994d41508c7a6b84a0600cfcb"
    },
    "knitr": {
      "Package": "knitr",
      "Version": "1.31",
      "Source": "Repository",
      "Repository": "CRAN",
      "Hash": "c3994c036d19fc22c5e2a209c8298bfb"
    },
    "labeling": {
      "Package": "labeling",
      "Version": "0.4.2",
      "Source": "Repository",
      "Repository": "CRAN",
      "Hash": "3d5108641f47470611a32d0bdf357a72"
    },
    "lambda.r": {
      "Package": "lambda.r",
      "Version": "1.2.4",
      "Source": "Repository",
      "Repository": "CRAN",
      "Hash": "b1e925c4b9ffeb901bacf812cbe9a6ad"
    },
    "later": {
      "Package": "later",
      "Version": "1.1.0.1",
      "Source": "Repository",
      "Repository": "CRAN",
      "Hash": "d0a62b247165aabf397fded504660d8a"
    },
    "lattice": {
      "Package": "lattice",
      "Version": "0.20-41",
      "Source": "Repository",
      "Repository": "CRAN",
      "Hash": "fbd9285028b0263d76d18c95ae51a53d"
    },
    "lazyeval": {
      "Package": "lazyeval",
      "Version": "0.2.2",
      "Source": "Repository",
      "Repository": "CRAN",
      "Hash": "d908914ae53b04d4c0c0fd72ecc35370"
    },
    "leiden": {
      "Package": "leiden",
      "Version": "0.3.7",
      "Source": "Repository",
      "Repository": "CRAN",
      "Hash": "d28a945b39ab3471acc7faa208073ace"
    },
    "lifecycle": {
      "Package": "lifecycle",
      "Version": "1.0.0",
      "Source": "Repository",
      "Repository": "CRAN",
      "Hash": "3471fb65971f1a7b2d4ae7848cf2db8d"
    },
    "listenv": {
      "Package": "listenv",
      "Version": "0.8.0",
      "Source": "Repository",
      "Repository": "CRAN",
      "Hash": "0bde42ee282efb18c7c4e63822f5b4f7"
    },
    "lmtest": {
      "Package": "lmtest",
      "Version": "0.9-38",
      "Source": "Repository",
      "Repository": "CRAN",
      "Hash": "b0edacc02f7a3dad41a1afc385e929f4"
    },
    "locfit": {
      "Package": "locfit",
      "Version": "1.5-9.4",
      "Source": "Repository",
      "Repository": "CRAN",
      "Hash": "760b5b542e8435237d1b3c253bfe18e7"
    },
    "magrittr": {
      "Package": "magrittr",
      "Version": "2.0.1",
      "Source": "Repository",
      "Repository": "CRAN",
      "Hash": "41287f1ac7d28a92f0a286ed507928d3"
    },
    "markdown": {
      "Package": "markdown",
      "Version": "1.1",
      "Source": "Repository",
      "Repository": "CRAN",
      "Hash": "61e4a10781dd00d7d81dd06ca9b94e95"
    },
    "matrixStats": {
      "Package": "matrixStats",
      "Version": "0.58.0",
      "Source": "Repository",
      "Repository": "CRAN",
      "Hash": "c318d148056e5bb8d7de79b0876f9ae6"
    },
    "memoise": {
      "Package": "memoise",
      "Version": "2.0.0",
      "Source": "Repository",
      "Repository": "CRAN",
      "Hash": "a0bc51650201a56d00a4798523cc91b3"
    },
    "mgcv": {
      "Package": "mgcv",
      "Version": "1.8-33",
      "Source": "Repository",
      "Repository": "CRAN",
      "Hash": "eb7b6439bc6d812eed2cddba5edc6be3"
    },
    "mime": {
      "Package": "mime",
      "Version": "0.10",
      "Source": "Repository",
      "Repository": "CRAN",
      "Hash": "26fa77e707223e1ce042b2b5d09993dc"
    },
    "miniUI": {
      "Package": "miniUI",
      "Version": "0.1.1.1",
      "Source": "Repository",
      "Repository": "CRAN",
      "Hash": "fec5f52652d60615fdb3957b3d74324a"
    },
    "motifmatchr": {
      "Package": "motifmatchr",
      "Version": "1.12.0",
      "Source": "Bioconductor",
      "Hash": "0ac3a606afc46ee980833db53559263b"
    },
    "munsell": {
      "Package": "munsell",
      "Version": "0.5.0",
      "Source": "Repository",
      "Repository": "CRAN",
      "Hash": "6dfe8bf774944bd5595785e3229d8771"
    },
    "nabor": {
      "Package": "nabor",
      "Version": "0.5.0",
      "Source": "Repository",
      "Repository": "CRAN",
      "Hash": "54388cc0cf3dfc0948a4bfbf9e8cceba"
    },
    "nlme": {
      "Package": "nlme",
      "Version": "3.1-152",
      "Source": "Repository",
      "Repository": "CRAN",
      "Hash": "35de1ce639f20b5e10f7f46260730c65"
    },
    "openssl": {
      "Package": "openssl",
      "Version": "1.4.3",
      "Source": "Repository",
      "Repository": "CRAN",
      "Hash": "a399e4773075fc2375b71f45fca186c4"
    },
    "parallelly": {
      "Package": "parallelly",
      "Version": "1.23.0",
      "Source": "Repository",
      "Repository": "CRAN",
      "Hash": "2f841d7915986a8fd995ab4ec105dd1b"
    },
    "patchwork": {
      "Package": "patchwork",
      "Version": "1.1.1",
      "Source": "Repository",
      "Repository": "CRAN",
      "Hash": "c446b30cb33ec125ff02588b60660ccb"
    },
    "pbapply": {
      "Package": "pbapply",
      "Version": "1.4-3",
      "Source": "Repository",
      "Repository": "CRAN",
      "Hash": "52f8028b028076bc3b7ee5d6251abf0d"
    },
    "pillar": {
      "Package": "pillar",
      "Version": "1.5.0",
      "Source": "Repository",
      "Repository": "CRAN",
      "Hash": "39a778e4e487ded8b1bf5bb617c567b3"
    },
    "pkgbuild": {
      "Package": "pkgbuild",
      "Version": "1.2.0",
      "Source": "Repository",
      "Repository": "CRAN",
      "Hash": "725fcc30222d4d11ec68efb8ff11a9af"
    },
    "pkgconfig": {
      "Package": "pkgconfig",
      "Version": "2.0.3",
      "Source": "Repository",
      "Repository": "CRAN",
      "Hash": "01f28d4278f15c76cddbea05899c5d6f"
    },
    "pkgload": {
      "Package": "pkgload",
      "Version": "1.1.0",
      "Source": "Repository",
      "Repository": "CRAN",
      "Hash": "b6b150cd4709e0c0c9b5d51ac4376282"
    },
    "plogr": {
      "Package": "plogr",
      "Version": "0.2.0",
      "Source": "Repository",
      "Repository": "CRAN",
      "Hash": "09eb987710984fc2905c7129c7d85e65"
    },
    "plotly": {
      "Package": "plotly",
      "Version": "4.9.3",
      "Source": "Repository",
      "Repository": "CRAN",
      "Hash": "f6b85d9e4ed88074ea0ede1aa74bb00e"
    },
    "plyr": {
      "Package": "plyr",
      "Version": "1.8.6",
      "Source": "Repository",
      "Repository": "CRAN",
      "Hash": "ec0e5ab4e5f851f6ef32cd1d1984957f"
    },
    "png": {
      "Package": "png",
      "Version": "0.1-7",
      "Source": "Repository",
      "Repository": "CRAN",
      "Hash": "03b7076c234cb3331288919983326c55"
    },
    "polyclip": {
      "Package": "polyclip",
      "Version": "1.10-0",
      "Source": "Repository",
      "Repository": "CRAN",
      "Hash": "cb167f328b3ada4ec5cf67a7df4c900a"
    },
    "poweRlaw": {
      "Package": "poweRlaw",
      "Version": "0.70.6",
      "Source": "Repository",
      "Repository": "CRAN",
      "Hash": "7a358a4ac0db01769eb51596ac5b968d"
    },
    "pracma": {
      "Package": "pracma",
      "Version": "2.3.3",
      "Source": "Repository",
      "Repository": "CRAN",
      "Hash": "cd80df226af8555a5cff3e7a76bd0756"
    },
    "praise": {
      "Package": "praise",
      "Version": "1.0.0",
      "Source": "Repository",
      "Repository": "CRAN",
      "Hash": "a555924add98c99d2f411e37e7d25e9f"
    },
    "presto": {
      "Package": "presto",
      "Version": "1.0.0",
      "Source": "GitHub",
      "RemoteType": "github",
      "RemoteHost": "api.github.com",
      "RemoteUsername": "immunogenomics",
      "RemoteRepo": "presto",
      "RemoteRef": "master",
      "RemoteSha": "052085db9c88aa70a28d11cc58ebc807999bf0ad",
      "Hash": "bf01a4a8947398ef32d019e8d8282222"
    },
    "prettyunits": {
      "Package": "prettyunits",
      "Version": "1.1.1",
      "Source": "Repository",
      "Repository": "CRAN",
      "Hash": "95ef9167b75dde9d2ccc3c7528393e7e"
    },
    "processx": {
      "Package": "processx",
      "Version": "3.4.5",
      "Source": "Repository",
      "Repository": "CRAN",
      "Hash": "22aab6098cb14edd0a5973a8438b569b"
    },
    "promises": {
      "Package": "promises",
      "Version": "1.2.0.1",
      "Source": "Repository",
      "Repository": "CRAN",
      "Hash": "4ab2c43adb4d4699cf3690acd378d75d"
    },
    "ps": {
      "Package": "ps",
      "Version": "1.5.0",
      "Source": "Repository",
      "Repository": "CRAN",
      "Hash": "ebaed51a03411fd5cfc1e12d9079b353"
    },
    "purrr": {
      "Package": "purrr",
      "Version": "0.3.4",
      "Source": "Repository",
      "Repository": "CRAN",
      "Hash": "97def703420c8ab10d8f0e6c72101e02"
    },
    "ragg": {
      "Package": "ragg",
      "Version": "1.1.0",
      "Source": "Repository",
      "Repository": "CRAN",
      "Hash": "01f1614915f8061b023305c315b28cca"
    },
    "rappdirs": {
      "Package": "rappdirs",
      "Version": "0.3.3",
      "Source": "Repository",
      "Repository": "CRAN",
      "Hash": "5e3c5dc0b071b21fa128676560dbe94d"
    },
    "rcmdcheck": {
      "Package": "rcmdcheck",
      "Version": "1.3.3",
      "Source": "Repository",
      "Repository": "CRAN",
      "Hash": "ed95895886dab6d2a584da45503555da"
    },
    "readr": {
      "Package": "readr",
      "Version": "1.4.0",
      "Source": "Repository",
      "Repository": "CRAN",
      "Hash": "2639976851f71f330264a9c9c3d43a61"
    },
    "rematch2": {
      "Package": "rematch2",
      "Version": "2.1.2",
      "Source": "Repository",
      "Repository": "CRAN",
      "Hash": "76c9e04c712a05848ae7a23d2f170a40"
    },
    "remotes": {
      "Package": "remotes",
      "Version": "2.2.0",
      "Source": "Repository",
      "Repository": "CRAN",
      "Hash": "430a0908aee75b1fcba0e62857cab0ce"
    },
    "renv": {
      "Package": "renv",
      "Version": "0.12.5-74",
      "Source": "GitHub",
      "RemoteType": "github",
      "RemoteHost": "api.github.com",
      "RemoteRepo": "renv",
      "RemoteUsername": "rstudio",
      "RemoteRef": "HEAD",
      "RemoteSha": "9c1356d7bf45d6d36b1db74b0ccc5d52e4d69971",
      "Hash": "14175a09377b12a42d59fcfb5d8ab587"
    },
    "reshape2": {
      "Package": "reshape2",
      "Version": "1.4.4",
      "Source": "Repository",
      "Repository": "CRAN",
      "Hash": "bb5996d0bd962d214a11140d77589917"
    },
    "reticulate": {
      "Package": "reticulate",
      "Version": "1.18",
      "Source": "Repository",
      "Repository": "CRAN",
      "Hash": "fbd35cac6ae7554d0e4f440bca1adf3a"
    },
    "rex": {
      "Package": "rex",
      "Version": "1.2.0",
      "Source": "Repository",
      "Repository": "CRAN",
      "Hash": "093584b944440c5cd07a696b3c8e0e4c"
    },
    "rhandsontable": {
      "Package": "rhandsontable",
      "Version": "0.3.7",
      "Source": "Repository",
      "Repository": "CRAN",
      "Hash": "bf38ba1df24ecb204ae64b81c4774b43"
    },
    "rhdf5": {
      "Package": "rhdf5",
      "Version": "2.34.0",
      "Source": "Bioconductor",
      "Hash": "bf25b880f72c8b6dcbd8719b5ac9113b"
    },
    "rhdf5filters": {
      "Package": "rhdf5filters",
      "Version": "1.2.0",
      "Source": "Bioconductor",
      "Hash": "9dee5e2185e9a498c7d910f6b3f33150"
    },
    "rjson": {
      "Package": "rjson",
      "Version": "0.2.20",
      "Source": "Repository",
      "Repository": "CRAN",
      "Hash": "7d597f982ee6263716b6a2f28efd29fa"
    },
    "rlang": {
      "Package": "rlang",
      "Version": "0.4.10",
      "Source": "Repository",
      "Repository": "CRAN",
      "Hash": "599df23c40a4fce9c7b4764f28c37857"
    },
    "roxygen2": {
      "Package": "roxygen2",
      "Version": "7.1.1",
      "Source": "Repository",
      "Repository": "CRAN",
      "Hash": "fcd94e00cc409b25d07ca50f7bf339f5"
    },
    "rpart": {
      "Package": "rpart",
      "Version": "4.1-15",
      "Source": "Repository",
      "Repository": "CRAN",
      "Hash": "9787c1fcb680e655d062e7611cadf78e"
    },
    "rprojroot": {
      "Package": "rprojroot",
      "Version": "2.0.2",
      "Source": "Repository",
      "Repository": "CRAN",
      "Hash": "249d8cd1e74a8f6a26194a91b47f21d1"
    },
    "rstudioapi": {
      "Package": "rstudioapi",
      "Version": "0.13",
      "Source": "Repository",
      "Repository": "CRAN",
      "Hash": "06c85365a03fdaf699966cc1d3cf53ea"
    },
    "rtracklayer": {
      "Package": "rtracklayer",
      "Version": "1.50.0",
      "Source": "Bioconductor",
      "Hash": "3905c00eda8f95ab761abc0978ffa19d"
    },
    "rversions": {
      "Package": "rversions",
      "Version": "2.0.2",
      "Source": "Repository",
      "Repository": "CRAN",
      "Hash": "0ec41191f744d0f5afad8c6f35cc36e4"
    },
    "sass": {
      "Package": "sass",
      "Version": "0.3.1",
      "Source": "Repository",
      "Repository": "CRAN",
      "Hash": "3ef1adfe46b7b144b970d74ce33ab0d6"
    },
    "scales": {
      "Package": "scales",
      "Version": "1.1.1",
      "Source": "Repository",
      "Repository": "CRAN",
      "Hash": "6f76f71042411426ec8df6c54f34e6dd"
    },
    "scattermore": {
      "Package": "scattermore",
      "Version": "0.7",
      "Source": "Repository",
      "Repository": "CRAN",
      "Hash": "373eb417aadd7c7f35861953f3fe3deb"
    },
    "sctransform": {
      "Package": "sctransform",
      "Version": "0.3.2",
      "Source": "Repository",
      "Repository": "CRAN",
      "Hash": "f6423b883393222fb5c022799374ccec"
    },
    "seqLogo": {
      "Package": "seqLogo",
      "Version": "1.56.0",
      "Source": "Bioconductor",
      "Hash": "35385e40b4932aa57c8f56277db5d96d"
    },
    "sessioninfo": {
      "Package": "sessioninfo",
      "Version": "1.1.1",
      "Source": "Repository",
      "Repository": "CRAN",
      "Hash": "308013098befe37484df72c39cf90d6e"
    },
    "shape": {
      "Package": "shape",
      "Version": "1.4.5",
      "Source": "Repository",
      "Repository": "CRAN",
      "Hash": "58510f25472de6fd363d76698d29709e"
    },
    "shiny": {
      "Package": "shiny",
      "Version": "1.6.0",
      "Source": "Repository",
      "Repository": "CRAN",
      "Hash": "6e3b6ae7fe02b5859e4bb277f218b8ae"
    },
    "shinythemes": {
      "Package": "shinythemes",
      "Version": "1.2.0",
      "Source": "Repository",
      "Repository": "CRAN",
      "Hash": "30f0ebc41feba25691073626ff5e2cf4"
    },
    "sitmo": {
      "Package": "sitmo",
      "Version": "2.0.1",
      "Source": "Repository",
      "Repository": "CRAN",
      "Hash": "0f9ba299f2385e686745b066c6d7a7c4"
    },
    "snow": {
      "Package": "snow",
      "Version": "0.4-3",
      "Source": "Repository",
      "Repository": "CRAN",
      "Hash": "11b822ad6214111a4188d5e5fd1b144c"
    },
    "sourcetools": {
      "Package": "sourcetools",
      "Version": "0.1.7",
      "Source": "Repository",
      "Repository": "CRAN",
      "Hash": "947e4e02a79effa5d512473e10f41797"
    },
    "spatstat": {
      "Package": "spatstat",
      "Version": "1.64-1",
      "Source": "Repository",
      "Repository": "CRAN",
      "Hash": "bf01485c922fd3bb6af165b9304539dd"
    },
    "spatstat.data": {
      "Package": "spatstat.data",
      "Version": "2.0-0",
      "Source": "Repository",
      "Repository": "CRAN",
      "Hash": "582315d096bd9187bda3bb4dc64cefa8"
    },
    "spatstat.utils": {
      "Package": "spatstat.utils",
      "Version": "2.0-0",
      "Source": "Repository",
      "Repository": "CRAN",
      "Hash": "8bda137ccec577888f478735987221ec"
    },
    "stringi": {
      "Package": "stringi",
      "Version": "1.5.3",
      "Source": "Repository",
      "Repository": "CRAN",
      "Hash": "a063ebea753c92910a4cca7b18bc1f05"
    },
    "stringr": {
      "Package": "stringr",
      "Version": "1.4.0",
      "Source": "Repository",
      "Repository": "CRAN",
      "Hash": "0759e6b6c0957edb1311028a49a35e76"
    },
    "survival": {
      "Package": "survival",
      "Version": "3.2-7",
      "Source": "Repository",
      "Repository": "CRAN",
      "Hash": "39c4ac6d22dad33db0ee37b40810ea12"
    },
    "sys": {
      "Package": "sys",
      "Version": "3.4",
      "Source": "Repository",
      "Repository": "CRAN",
      "Hash": "b227d13e29222b4574486cfcbde077fa"
    },
    "systemfonts": {
      "Package": "systemfonts",
      "Version": "1.0.1",
      "Source": "Repository",
      "Repository": "CRAN",
      "Hash": "6e899d7c097698d50ec87b1d8e65f246"
    },
    "tensor": {
      "Package": "tensor",
      "Version": "1.5",
      "Source": "Repository",
      "Repository": "CRAN",
      "Hash": "25cfab6cf405c15bccf7e69ec39df090"
    },
    "testthat": {
      "Package": "testthat",
      "Version": "3.0.2",
      "Source": "Repository",
      "Repository": "CRAN",
      "Hash": "495e0434d9305716b6a87031570ce109"
    },
    "textshaping": {
      "Package": "textshaping",
      "Version": "0.3.1",
      "Source": "Repository",
      "Repository": "CRAN",
      "Hash": "8a660b6017010f0599569f5a7a06d566"
    },
    "tibble": {
      "Package": "tibble",
      "Version": "3.0.6",
      "Source": "Repository",
      "Repository": "CRAN",
      "Hash": "9c6c10e594f32096ede0c7d373ccbddd"
    },
    "tidyr": {
      "Package": "tidyr",
      "Version": "1.1.2",
      "Source": "Repository",
      "Repository": "CRAN",
      "Hash": "c40b2d5824d829190f4b825f4496dfae"
    },
    "tidyselect": {
      "Package": "tidyselect",
      "Version": "1.1.0",
      "Source": "Repository",
      "Repository": "CRAN",
      "Hash": "6ea435c354e8448819627cf686f66e0a"
    },
    "usethis": {
      "Package": "usethis",
      "Version": "2.0.1",
      "Source": "Repository",
      "Repository": "CRAN",
      "Hash": "360e904f9e623286e1a0c6ca0a98c5f6"
    },
    "utf8": {
      "Package": "utf8",
      "Version": "1.1.4",
      "Source": "Repository",
      "Repository": "CRAN",
      "Hash": "4a5081acfb7b81a572e4384a7aaf2af1"
    },
    "uwot": {
      "Package": "uwot",
      "Version": "0.1.10",
      "Source": "Repository",
      "Repository": "CRAN",
      "Hash": "a9737c75f5f949695617b05e78281b2f"
    },
    "vctrs": {
      "Package": "vctrs",
      "Version": "0.3.6",
      "Source": "Repository",
      "Repository": "CRAN",
      "Hash": "5cf1957f93076c19fdc81d01409d240b"
    },
    "vipor": {
      "Package": "vipor",
      "Version": "0.4.5",
      "Source": "Repository",
      "Repository": "CRAN",
      "Hash": "ea85683da7f2bfa63a98dc6416892591"
    },
    "viridisLite": {
      "Package": "viridisLite",
      "Version": "0.3.0",
      "Source": "Repository",
      "Repository": "CRAN",
      "Hash": "ce4f6271baa94776db692f1cb2055bee"
    },
    "waldo": {
      "Package": "waldo",
      "Version": "0.2.4",
      "Source": "Repository",
      "Repository": "CRAN",
      "Hash": "29df52c781e572c967f90de9713423c4"
    },
    "whisker": {
      "Package": "whisker",
      "Version": "0.4",
      "Source": "Repository",
      "Repository": "CRAN",
      "Hash": "ca970b96d894e90397ed20637a0c1bbe"
    },
    "withr": {
      "Package": "withr",
      "Version": "2.4.1",
      "Source": "Repository",
      "Repository": "CRAN",
      "Hash": "caf4781c674ffa549a4676d2d77b13cc"
    },
    "xfun": {
      "Package": "xfun",
      "Version": "0.21",
      "Source": "Repository",
      "Repository": "CRAN",
      "Hash": "f3ddcca198959a42e8cb6b06c30d4f1e"
    },
    "xml2": {
      "Package": "xml2",
      "Version": "1.3.2",
      "Source": "Repository",
      "Repository": "CRAN",
      "Hash": "d4d71a75dd3ea9eb5fa28cc21f9585e2"
    },
    "xopen": {
      "Package": "xopen",
      "Version": "1.0.0",
      "Source": "Repository",
      "Repository": "CRAN",
      "Hash": "6c85f015dee9cc7710ddd20f86881f58"
    },
    "xtable": {
      "Package": "xtable",
      "Version": "1.8-4",
      "Source": "Repository",
      "Repository": "CRAN",
      "Hash": "b8acdf8af494d9ec19ccb2481a9b11c2"
    },
    "yaml": {
      "Package": "yaml",
      "Version": "2.2.1",
      "Source": "Repository",
      "Repository": "CRAN",
      "Hash": "2826c5d9efb0a88f657c7a679c7106db"
    },
    "zip": {
      "Package": "zip",
      "Version": "2.1.1",
      "Source": "Repository",
      "Repository": "CRAN",
      "Hash": "3bc8405c637d988801ec5ea88372d0c2"
    },
    "zlibbioc": {
      "Package": "zlibbioc",
      "Version": "1.36.0",
      "Source": "Bioconductor",
      "Hash": "effcbe90f6986ca6f81ce4d67db7238b"
    },
    "zoo": {
      "Package": "zoo",
      "Version": "1.8-8",
      "Source": "Repository",
      "Repository": "CRAN",
      "Hash": "c2ea03282caa1f6972dc84fc5bf671cc"
    }
  }
}
